<?xml version="1.0" encoding="utf-8"?>
<Project ToolsVersion="4.0" xmlns="http://schemas.microsoft.com/developer/msbuild/2003">
  <ItemGroup>
    <FxCompile Include="SimplePixelShader.hlsl">
      <Filter>Shaders</Filter>
    </FxCompile>
    <FxCompile Include="SimpleVertexShader.hlsl">
      <Filter>Shaders</Filter>
    </FxCompile>
  </ItemGroup>
  <ItemGroup>
    <ClCompile Include="SimpleNetworkGameComponent.cpp" />
    <ClCompile Include="Direct3DContentProvider.cpp" />
    <ClCompile Include="pch.cpp" />
    <ClCompile Include="Direct3DBase.cpp">
      <Filter>Rendering</Filter>
    </ClCompile>
    <ClCompile Include="CubeRenderer.cpp">
      <Filter>Rendering</Filter>
    </ClCompile>
    <ClCompile Include="GameClient.cpp">
      <Filter>Networking</Filter>
    </ClCompile>
    <ClCompile Include="GameServer.cpp">
      <Filter>Networking</Filter>
    </ClCompile>
  </ItemGroup>
  <ItemGroup>
    <ClInclude Include="BasicTimer.h" />
    <ClInclude Include="SimpleNetworkGameComponent.h" />
    <ClInclude Include="DirectXHelper.h" />
    <ClInclude Include="Direct3DContentProvider.h" />
    <ClInclude Include="pch.h" />
    <ClInclude Include="Direct3DBase.h">
      <Filter>Rendering</Filter>
    </ClInclude>
    <ClInclude Include="CubeRenderer.h">
      <Filter>Rendering</Filter>
    </ClInclude>
    <ClInclude Include="GameClient.h">
      <Filter>Networking</Filter>
    </ClInclude>
    <ClInclude Include="GameServer.h">
      <Filter>Networking</Filter>
    </ClInclude>
  </ItemGroup>
  <ItemGroup>
    <Filter Include="Networking">
      <UniqueIdentifier>{7c897041-0b5c-4324-908f-b0f91f02256d}</UniqueIdentifier>
    </Filter>
    <Filter Include="Rendering">
      <UniqueIdentifier>{13dcf5e0-7e6c-4ae8-9486-20b6954072d3}</UniqueIdentifier>
    </Filter>
    <Filter Include="Shaders">
      <UniqueIdentifier>{08306dc2-0758-4881-94ac-d6dc87ef983c}</UniqueIdentifier>
    </Filter>
  </ItemGroup>
</Project>